
Microsoft Visual Studio Solution File, Format Version 12.00
# Visual Studio Version 17
VisualStudioVersion = 17.6.33815.320
MinimumVisualStudioVersion = 10.0.40219.1
Project("{FAE04EC0-301F-11D3-BF4B-00C04F79EFBC}") = "PowerApp.Android", "PowerApp\PowerApp.Android\PowerApp.Android.csproj", "{80D79986-889F-4351-BC84-DC40F8BB5867}"
EndProject
Project("{FAE04EC0-301F-11D3-BF4B-00C04F79EFBC}") = "PowerApp", "PowerApp\PowerApp\PowerApp.csproj", "{BDA16F96-059C-4EBD-ABB6-2CF0A4891379}"
EndProject
Global
	GlobalSection(SolutionConfigurationPlatforms) = preSolution
		Debug|Any CPU = Debug|Any CPU
		Release|Any CPU = Release|Any CPU
	EndGlobalSection
	GlobalSection(ProjectConfigurationPlatforms) = postSolution
		{80D79986-889F-4351-BC84-DC40F8BB5867}.Debug|Any CPU.ActiveCfg = Debug|Any CPU
		{80D79986-889F-4351-BC84-DC40F8BB5867}.Debug|Any CPU.Build.0 = Debug|Any CPU
		{80D79986-889F-4351-BC84-DC40F8BB5867}.Debug|Any CPU.Deploy.0 = Debug|Any CPU
		{80D79986-889F-4351-BC84-DC40F8BB5867}.Release|Any CPU.ActiveCfg = Release|Any CPU
		{80D79986-889F-4351-BC84-DC40F8BB5867}.Release|Any CPU.Build.0 = Release|Any CPU
		{80D79986-889F-4351-BC84-DC40F8BB5867}.Release|Any CPU.Deploy.0 = Release|Any CPU
		{BDA16F96-059C-4EBD-ABB6-2CF0A4891379}.Debug|Any CPU.ActiveCfg = Debug|Any CPU
		{BDA16F96-059C-4EBD-ABB6-2CF0A4891379}.Debug|Any CPU.Build.0 = Debug|Any CPU
		{BDA16F96-059C-4EBD-ABB6-2CF0A4891379}.Debug|Any CPU.Deploy.0 = Debug|Any CPU
		{BDA16F96-059C-4EBD-ABB6-2CF0A4891379}.Release|Any CPU.ActiveCfg = Release|Any CPU
		{BDA16F96-059C-4EBD-ABB6-2CF0A4891379}.Release|Any CPU.Build.0 = Release|Any CPU
		{BDA16F96-059C-4EBD-ABB6-2CF0A4891379}.Release|Any CPU.Deploy.0 = Release|Any CPU
	EndGlobalSection
	GlobalSection(SolutionProperties) = preSolution
		HideSolutionNode = FALSE
	EndGlobalSection
	GlobalSection(ExtensibilityGlobals) = postSolution
		SolutionGuid = {7F342B83-BC62-4110-B4F5-7FC7093387A3}
	EndGlobalSection
EndGlobal
